// !$*UTF8*$!
{
	archiveVersion = 1;
	classes = {
	};
	objectVersion = 50;
	objects = {

/* Begin PBXBuildFile section */
		4A13381725363D2600549476 /* AppDelegate.swift in Sources */ = {isa = PBXBuildFile; fileRef = 4A13381625363D2600549476 /* AppDelegate.swift */; };
		4A13381925363D2600549476 /* SceneDelegate.swift in Sources */ = {isa = PBXBuildFile; fileRef = 4A13381825363D2600549476 /* SceneDelegate.swift */; };
		4A13381B25363D2600549476 /* ContentView.swift in Sources */ = {isa = PBXBuildFile; fileRef = 4A13381A25363D2600549476 /* ContentView.swift */; };
		4A13381E25363D2600549476 /* DiceApp.xcdatamodeld in Sources */ = {isa = PBXBuildFile; fileRef = 4A13381C25363D2600549476 /* DiceApp.xcdatamodeld */; };
		4A13382025363D2700549476 /* Assets.xcassets in Resources */ = {isa = PBXBuildFile; fileRef = 4A13381F25363D2700549476 /* Assets.xcassets */; };
		4A13382325363D2700549476 /* Preview Assets.xcassets in Resources */ = {isa = PBXBuildFile; fileRef = 4A13382225363D2700549476 /* Preview Assets.xcassets */; };
		4A13382625363D2700549476 /* LaunchScreen.storyboard in Resources */ = {isa = PBXBuildFile; fileRef = 4A13382425363D2700549476 /* LaunchScreen.storyboard */; };
		4A13383125363D2800549476 /* DiceAppTests.swift in Sources */ = {isa = PBXBuildFile; fileRef = 4A13383025363D2800549476 /* DiceAppTests.swift */; };
		4A13383C25363D2800549476 /* DiceAppUITests.swift in Sources */ = {isa = PBXBuildFile; fileRef = 4A13383B25363D2800549476 /* DiceAppUITests.swift */; };
/* End PBXBuildFile section */

/* Begin PBXContainerItemProxy section */
		4A13382D25363D2800549476 /* PBXContainerItemProxy */ = {
			isa = PBXContainerItemProxy;
			containerPortal = 4A13380B25363D2600549476 /* Project object */;
			proxyType = 1;
			remoteGlobalIDString = 4A13381225363D2600549476;
			remoteInfo = DiceApp;
		};
		4A13383825363D2800549476 /* PBXContainerItemProxy */ = {
			isa = PBXContainerItemProxy;
			containerPortal = 4A13380B25363D2600549476 /* Project object */;
			proxyType = 1;
			remoteGlobalIDString = 4A13381225363D2600549476;
			remoteInfo = DiceApp;
		};
/* End PBXContainerItemProxy section */

/* Begin PBXFileReference section */
		4A13381325363D2600549476 /* DiceApp.app */ = {isa = PBXFileReference; explicitFileType = wrapper.application; includeInIndex = 0; path = DiceApp.app; sourceTree = BUILT_PRODUCTS_DIR; };
		4A13381625363D2600549476 /* AppDelegate.swift */ = {isa = PBXFileReference; lastKnownFileType = sourcecode.swift; path = AppDelegate.swift; sourceTree = "<group>"; };
		4A13381825363D2600549476 /* SceneDelegate.swift */ = {isa = PBXFileReference; lastKnownFileType = sourcecode.swift; path = SceneDelegate.swift; sourceTree = "<group>"; };
		4A13381A25363D2600549476 /* ContentView.swift */ = {isa = PBXFileReference; lastKnownFileType = sourcecode.swift; path = ContentView.swift; sourceTree = "<group>"; };
		4A13381D25363D2600549476 /* DiceApp.xcdatamodel */ = {isa = PBXFileReference; lastKnownFileType = wrapper.xcdatamodel; path = DiceApp.xcdatamodel; sourceTree = "<group>"; };
		4A13381F25363D2700549476 /* Assets.xcassets */ = {isa = PBXFileReference; lastKnownFileType = folder.assetcatalog; path = Assets.xcassets; sourceTree = "<group>"; };
		4A13382225363D2700549476 /* Preview Assets.xcassets */ = {isa = PBXFileReference; lastKnownFileType = folder.assetcatalog; path = "Preview Assets.xcassets"; sourceTree = "<group>"; };
		4A13382525363D2700549476 /* Base */ = {isa = PBXFileReference; lastKnownFileType = file.storyboard; name = Base; path = Base.lproj/LaunchScreen.storyboard; sourceTree = "<group>"; };
		4A13382725363D2700549476 /* Info.plist */ = {isa = PBXFileReference; lastKnownFileType = text.plist.xml; path = Info.plist; sourceTree = "<group>"; };
		4A13382C25363D2800549476 /* DiceAppTests.xctest */ = {isa = PBXFileReference; explicitFileType = wrapper.cfbundle; includeInIndex = 0; path = DiceAppTests.xctest; sourceTree = BUILT_PRODUCTS_DIR; };
		4A13383025363D2800549476 /* DiceAppTests.swift */ = {isa = PBXFileReference; lastKnownFileType = sourcecode.swift; path = DiceAppTests.swift; sourceTree = "<group>"; };
		4A13383225363D2800549476 /* Info.plist */ = {isa = PBXFileReference; lastKnownFileType = text.plist.xml; path = Info.plist; sourceTree = "<group>"; };
		4A13383725363D2800549476 /* DiceAppUITests.xctest */ = {isa = PBXFileReference; explicitFileType = wrapper.cfbundle; includeInIndex = 0; path = DiceAppUITests.xctest; sourceTree = BUILT_PRODUCTS_DIR; };
		4A13383B25363D2800549476 /* DiceAppUITests.swift */ = {isa = PBXFileReference; lastKnownFileType = sourcecode.swift; path = DiceAppUITests.swift; sourceTree = "<group>"; };
		4A13383D25363D2800549476 /* Info.plist */ = {isa = PBXFileReference; lastKnownFileType = text.plist.xml; path = Info.plist; sourceTree = "<group>"; };
/* End PBXFileReference section */

/* Begin PBXFrameworksBuildPhase section */
		4A13381025363D2600549476 /* Frameworks */ = {
			isa = PBXFrameworksBuildPhase;
			buildActionMask = 2147483647;
			files = (
			);
			runOnlyForDeploymentPostprocessing = 0;
		};
		4A13382925363D2800549476 /* Frameworks */ = {
			isa = PBXFrameworksBuildPhase;
			buildActionMask = 2147483647;
			files = (
			);
			runOnlyForDeploymentPostprocessing = 0;
		};
		4A13383425363D2800549476 /* Frameworks */ = {
			isa = PBXFrameworksBuildPhase;
			buildActionMask = 2147483647;
			files = (
			);
			runOnlyForDeploymentPostprocessing = 0;
		};
/* End PBXFrameworksBuildPhase section */

/* Begin PBXGroup section */
		4A13380A25363D2600549476 = {
			isa = PBXGroup;
			children = (
				4A13381525363D2600549476 /* DiceApp */,
				4A13382F25363D2800549476 /* DiceAppTests */,
				4A13383A25363D2800549476 /* DiceAppUITests */,
				4A13381425363D2600549476 /* Products */,
			);
			sourceTree = "<group>";
		};
		4A13381425363D2600549476 /* Products */ = {
			isa = PBXGroup;
			children = (
				4A13381325363D2600549476 /* DiceApp.app */,
				4A13382C25363D2800549476 /* DiceAppTests.xctest */,
				4A13383725363D2800549476 /* DiceAppUITests.xctest */,
			);
			name = Products;
			sourceTree = "<group>";
		};
		4A13381525363D2600549476 /* DiceApp */ = {
			isa = PBXGroup;
			children = (
				4A13381625363D2600549476 /* AppDelegate.swift */,
				4A13381825363D2600549476 /* SceneDelegate.swift */,
				4A13381A25363D2600549476 /* ContentView.swift */,
				4A13381F25363D2700549476 /* Assets.xcassets */,
				4A13382425363D2700549476 /* LaunchScreen.storyboard */,
				4A13382725363D2700549476 /* Info.plist */,
				4A13381C25363D2600549476 /* DiceApp.xcdatamodeld */,
				4A13382125363D2700549476 /* Preview Content */,
			);
			path = DiceApp;
			sourceTree = "<group>";
		};
		4A13382125363D2700549476 /* Preview Content */ = {
			isa = PBXGroup;
			children = (
				4A13382225363D2700549476 /* Preview Assets.xcassets */,
			);
			path = "Preview Content";
			sourceTree = "<group>";
		};
		4A13382F25363D2800549476 /* DiceAppTests */ = {
			isa = PBXGroup;
			children = (
				4A13383025363D2800549476 /* DiceAppTests.swift */,
				4A13383225363D2800549476 /* Info.plist */,
			);
			path = DiceAppTests;
			sourceTree = "<group>";
		};
		4A13383A25363D2800549476 /* DiceAppUITests */ = {
			isa = PBXGroup;
			children = (
				4A13383B25363D2800549476 /* DiceAppUITests.swift */,
				4A13383D25363D2800549476 /* Info.plist */,
			);
			path = DiceAppUITests;
			sourceTree = "<group>";
		};
/* End PBXGroup section */

/* Begin PBXNativeTarget section */
		4A13381225363D2600549476 /* DiceApp */ = {
			isa = PBXNativeTarget;
			buildConfigurationList = 4A13384025363D2800549476 /* Build configuration list for PBXNativeTarget "DiceApp" */;
			buildPhases = (
				4A13380F25363D2600549476 /* Sources */,
				4A13381025363D2600549476 /* Frameworks */,
				4A13381125363D2600549476 /* Resources */,
			);
			buildRules = (
			);
			dependencies = (
			);
			name = DiceApp;
			productName = DiceApp;
			productReference = 4A13381325363D2600549476 /* DiceApp.app */;
			productType = "com.apple.product-type.application";
		};
		4A13382B25363D2800549476 /* DiceAppTests */ = {
			isa = PBXNativeTarget;
			buildConfigurationList = 4A13384325363D2800549476 /* Build configuration list for PBXNativeTarget "DiceAppTests" */;
			buildPhases = (
				4A13382825363D2800549476 /* Sources */,
				4A13382925363D2800549476 /* Frameworks */,
				4A13382A25363D2800549476 /* Resources */,
			);
			buildRules = (
			);
			dependencies = (
				4A13382E25363D2800549476 /* PBXTargetDependency */,
			);
			name = DiceAppTests;
			productName = DiceAppTests;
			productReference = 4A13382C25363D2800549476 /* DiceAppTests.xctest */;
			productType = "com.apple.product-type.bundle.unit-test";
		};
		4A13383625363D2800549476 /* DiceAppUITests */ = {
			isa = PBXNativeTarget;
			buildConfigurationList = 4A13384625363D2800549476 /* Build configuration list for PBXNativeTarget "DiceAppUITests" */;
			buildPhases = (
				4A13383325363D2800549476 /* Sources */,
				4A13383425363D2800549476 /* Frameworks */,
				4A13383525363D2800549476 /* Resources */,
			);
			buildRules = (
			);
			dependencies = (
				4A13383925363D2800549476 /* PBXTargetDependency */,
			);
			name = DiceAppUITests;
			productName = DiceAppUITests;
			productReference = 4A13383725363D2800549476 /* DiceAppUITests.xctest */;
			productType = "com.apple.product-type.bundle.ui-testing";
		};
/* End PBXNativeTarget section */

/* Begin PBXProject section */
		4A13380B25363D2600549476 /* Project object */ = {
			isa = PBXProject;
			attributes = {
				LastSwiftUpdateCheck = 1200;
				LastUpgradeCheck = 1200;
				TargetAttributes = {
					4A13381225363D2600549476 = {
						CreatedOnToolsVersion = 12.0.1;
					};
					4A13382B25363D2800549476 = {
						CreatedOnToolsVersion = 12.0.1;
						TestTargetID = 4A13381225363D2600549476;
					};
					4A13383625363D2800549476 = {
						CreatedOnToolsVersion = 12.0.1;
						TestTargetID = 4A13381225363D2600549476;
					};
				};
			};
			buildConfigurationList = 4A13380E25363D2600549476 /* Build configuration list for PBXProject "DiceApp" */;
			compatibilityVersion = "Xcode 9.3";
			developmentRegion = en;
			hasScannedForEncodings = 0;
			knownRegions = (
				en,
				Base,
			);
			mainGroup = 4A13380A25363D2600549476;
			productRefGroup = 4A13381425363D2600549476 /* Products */;
			projectDirPath = "";
			projectRoot = "";
			targets = (
				4A13381225363D2600549476 /* DiceApp */,
				4A13382B25363D2800549476 /* DiceAppTests */,
				4A13383625363D2800549476 /* DiceAppUITests */,
			);
		};
/* End PBXProject section */

/* Begin PBXResourcesBuildPhase section */
		4A13381125363D2600549476 /* Resources */ = {
			isa = PBXResourcesBuildPhase;
			buildActionMask = 2147483647;
			files = (
				4A13382625363D2700549476 /* LaunchScreen.storyboard in Resources */,
				4A13382325363D2700549476 /* Preview Assets.xcassets in Resources */,
				4A13382025363D2700549476 /* Assets.xcassets in Resources */,
			);
			runOnlyForDeploymentPostprocessing = 0;
		};
		4A13382A25363D2800549476 /* Resources */ = {
			isa = PBXResourcesBuildPhase;
			buildActionMask = 2147483647;
			files = (
			);
			runOnlyForDeploymentPostprocessing = 0;
		};
		4A13383525363D2800549476 /* Resources */ = {
			isa = PBXResourcesBuildPhase;
			buildActionMask = 2147483647;
			files = (
			);
			runOnlyForDeploymentPostprocessing = 0;
		};
/* End PBXResourcesBuildPhase section */

/* Begin PBXSourcesBuildPhase section */
		4A13380F25363D2600549476 /* Sources */ = {
			isa = PBXSourcesBuildPhase;
			buildActionMask = 2147483647;
			files = (
				4A13381725363D2600549476 /* AppDelegate.swift in Sources */,
				4A13381925363D2600549476 /* SceneDelegate.swift in Sources */,
				4A13381E25363D2600549476 /* DiceApp.xcdatamodeld in Sources */,
				4A13381B25363D2600549476 /* ContentView.swift in Sources */,
			);
			runOnlyForDeploymentPostprocessing = 0;
		};
		4A13382825363D2800549476 /* Sources */ = {
			isa = PBXSourcesBuildPhase;
			buildActionMask = 2147483647;
			files = (
				4A13383125363D2800549476 /* DiceAppTests.swift in Sources */,
			);
			runOnlyForDeploymentPostprocessing = 0;
		};
		4A13383325363D2800549476 /* Sources */ = {
			isa = PBXSourcesBuildPhase;
			buildActionMask = 2147483647;
			files = (
				4A13383C25363D2800549476 /* DiceAppUITests.swift in Sources */,
			);
			runOnlyForDeploymentPostprocessing = 0;
		};
/* End PBXSourcesBuildPhase section */

/* Begin PBXTargetDependency section */
		4A13382E25363D2800549476 /* PBXTargetDependency */ = {
			isa = PBXTargetDependency;
			target = 4A13381225363D2600549476 /* DiceApp */;
			targetProxy = 4A13382D25363D2800549476 /* PBXContainerItemProxy */;
		};
		4A13383925363D2800549476 /* PBXTargetDependency */ = {
			isa = PBXTargetDependency;
			target = 4A13381225363D2600549476 /* DiceApp */;
			targetProxy = 4A13383825363D2800549476 /* PBXContainerItemProxy */;
		};
/* End PBXTargetDependency section */

/* Begin PBXVariantGroup section */
		4A13382425363D2700549476 /* LaunchScreen.storyboard */ = {
			isa = PBXVariantGroup;
			children = (
				4A13382525363D2700549476 /* Base */,
			);
			name = LaunchScreen.storyboard;
			sourceTree = "<group>";
		};
/* End PBXVariantGroup section */

/* Begin XCBuildConfiguration section */
		4A13383E25363D2800549476 /* Debug */ = {
			isa = XCBuildConfiguration;
			buildSettings = {
				ALWAYS_SEARCH_USER_PATHS = NO;
				CLANG_ANALYZER_NONNULL = YES;
				CLANG_ANALYZER_NUMBER_OBJECT_CONVERSION = YES_AGGRESSIVE;
				CLANG_CXX_LANGUAGE_STANDARD = "gnu++14";
				CLANG_CXX_LIBRARY = "libc++";
				CLANG_ENABLE_MODULES = YES;
				CLANG_ENABLE_OBJC_ARC = YES;
				CLANG_ENABLE_OBJC_WEAK = YES;
				CLANG_WARN_BLOCK_CAPTURE_AUTORELEASING = YES;
				CLANG_WARN_BOOL_CONVERSION = YES;
				CLANG_WARN_COMMA = YES;
				CLANG_WARN_CONSTANT_CONVERSION = YES;
				CLANG_WARN_DEPRECATED_OBJC_IMPLEMENTATIONS = YES;
				CLANG_WARN_DIRECT_OBJC_ISA_USAGE = YES_ERROR;
				CLANG_WARN_DOCUMENTATION_COMMENTS = YES;
				CLANG_WARN_EMPTY_BODY = YES;
				CLANG_WARN_ENUM_CONVERSION = YES;
				CLANG_WARN_INFINITE_RECURSION = YES;
				CLANG_WARN_INT_CONVERSION = YES;
				CLANG_WARN_NON_LITERAL_NULL_CONVERSION = YES;
				CLANG_WARN_OBJC_IMPLICIT_RETAIN_SELF = YES;
				CLANG_WARN_OBJC_LITERAL_CONVERSION = YES;
				CLANG_WARN_OBJC_ROOT_CLASS = YES_ERROR;
				CLANG_WARN_QUOTED_INCLUDE_IN_FRAMEWORK_HEADER = YES;
				CLANG_WARN_RANGE_LOOP_ANALYSIS = YES;
				CLANG_WARN_STRICT_PROTOTYPES = YES;
				CLANG_WARN_SUSPICIOUS_MOVE = YES;
				CLANG_WARN_UNGUARDED_AVAILABILITY = YES_AGGRESSIVE;
				CLANG_WARN_UNREACHABLE_CODE = YES;
				CLANG_WARN__DUPLICATE_METHOD_MATCH = YES;
				COPY_PHASE_STRIP = NO;
				DEBUG_INFORMATION_FORMAT = dwarf;
				ENABLE_STRICT_OBJC_MSGSEND = YES;
				ENABLE_TESTABILITY = YES;
				GCC_C_LANGUAGE_STANDARD = gnu11;
				GCC_DYNAMIC_NO_PIC = NO;
				GCC_NO_COMMON_BLOCKS = YES;
				GCC_OPTIMIZATION_LEVEL = 0;
				GCC_PREPROCESSOR_DEFINITIONS = (
					"DEBUG=1",
					"$(inherited)",
				);
				GCC_WARN_64_TO_32_BIT_CONVERSION = YES;
				GCC_WARN_ABOUT_RETURN_TYPE = YES_ERROR;
				GCC_WARN_UNDECLARED_SELECTOR = YES;
				GCC_WARN_UNINITIALIZED_AUTOS = YES_AGGRESSIVE;
				GCC_WARN_UNUSED_FUNCTION = YES;
				GCC_WARN_UNUSED_VARIABLE = YES;
				IPHONEOS_DEPLOYMENT_TARGET = 14.0;
				MTL_ENABLE_DEBUG_INFO = INCLUDE_SOURCE;
				MTL_FAST_MATH = YES;
				ONLY_ACTIVE_ARCH = YES;
				SDKROOT = iphoneos;
				SWIFT_ACTIVE_COMPILATION_CONDITIONS = DEBUG;
				SWIFT_OPTIMIZATION_LEVEL = "-Onone";
			};
			name = Debug;
		};
		4A13383F25363D2800549476 /* Release */ = {
			isa = XCBuildConfiguration;
			buildSettings = {
				ALWAYS_SEARCH_USER_PATHS = NO;
				CLANG_ANALYZER_NONNULL = YES;
				CLANG_ANALYZER_NUMBER_OBJECT_CONVERSION = YES_AGGRESSIVE;
				CLANG_CXX_LANGUAGE_STANDARD = "gnu++14";
				CLANG_CXX_LIBRARY = "libc++";
				CLANG_ENABLE_MODULES = YES;
				CLANG_ENABLE_OBJC_ARC = YES;
				CLANG_ENABLE_OBJC_WEAK = YES;
				CLANG_WARN_BLOCK_CAPTURE_AUTORELEASING = YES;
				CLANG_WARN_BOOL_CONVERSION = YES;
				CLANG_WARN_COMMA = YES;
				CLANG_WARN_CONSTANT_CONVERSION = YES;
				CLANG_WARN_DEPRECATED_OBJC_IMPLEMENTATIONS = YES;
				CLANG_WARN_DIRECT_OBJC_ISA_USAGE = YES_ERROR;
				CLANG_WARN_DOCUMENTATION_COMMENTS = YES;
				CLANG_WARN_EMPTY_BODY = YES;
				CLANG_WARN_ENUM_CONVERSION = YES;
				CLANG_WARN_INFINITE_RECURSION = YES;
				CLANG_WARN_INT_CONVERSION = YES;
				CLANG_WARN_NON_LITERAL_NULL_CONVERSION = YES;
				CLANG_WARN_OBJC_IMPLICIT_RETAIN_SELF = YES;
				CLANG_WARN_OBJC_LITERAL_CONVERSION = YES;
				CLANG_WARN_OBJC_ROOT_CLASS = YES_ERROR;
				CLANG_WARN_QUOTED_INCLUDE_IN_FRAMEWORK_HEADER = YES;
				CLANG_WARN_RANGE_LOOP_ANALYSIS = YES;
				CLANG_WARN_STRICT_PROTOTYPES = YES;
				CLANG_WARN_SUSPICIOUS_MOVE = YES;
				CLANG_WARN_UNGUARDED_AVAILABILITY = YES_AGGRESSIVE;
				CLANG_WARN_UNREACHABLE_CODE = YES;
				CLANG_WARN__DUPLICATE_METHOD_MATCH = YES;
				COPY_PHASE_STRIP = NO;
				DEBUG_INFORMATION_FORMAT = "dwarf-with-dsym";
				ENABLE_NS_ASSERTIONS = NO;
				ENABLE_STRICT_OBJC_MSGSEND = YES;
				GCC_C_LANGUAGE_STANDARD = gnu11;
				GCC_NO_COMMON_BLOCKS = YES;
				GCC_WARN_64_TO_32_BIT_CONVERSION = YES;
				GCC_WARN_ABOUT_RETURN_TYPE = YES_ERROR;
				GCC_WARN_UNDECLARED_SELECTOR = YES;
				GCC_WARN_UNINITIALIZED_AUTOS = YES_AGGRESSIVE;
				GCC_WARN_UNUSED_FUNCTION = YES;
				GCC_WARN_UNUSED_VARIABLE = YES;
				IPHONEOS_DEPLOYMENT_TARGET = 14.0;
				MTL_ENABLE_DEBUG_INFO = NO;
				MTL_FAST_MATH = YES;
				SDKROOT = iphoneos;
				SWIFT_COMPILATION_MODE = wholemodule;
				SWIFT_OPTIMIZATION_LEVEL = "-O";
				VALIDATE_PRODUCT = YES;
			};
			name = Release;
		};
		4A13384125363D2800549476 /* Debug */ = {
			isa = XCBuildConfiguration;
			buildSettings = {
				ASSETCATALOG_COMPILER_APPICON_NAME = AppIcon;
				ASSETCATALOG_COMPILER_GLOBAL_ACCENT_COLOR_NAME = AccentColor;
				CODE_SIGN_STYLE = Automatic;
				DEVELOPMENT_ASSET_PATHS = "\"DiceApp/Preview Content\"";
				DEVELOPMENT_TEAM = WEGSXKWY24;
				ENABLE_PREVIEWS = YES;
				INFOPLIST_FILE = DiceApp/Info.plist;
				LD_RUNPATH_SEARCH_PATHS = (
					"$(inherited)",
					"@executable_path/Frameworks",
				);
				PRODUCT_BUNDLE_IDENTIFIER = edu.uoit.sofe.DiceApp;
				PRODUCT_NAME = "$(TARGET_NAME)";
				SWIFT_VERSION = 5.0;
				TARGETED_DEVICE_FAMILY = "1,2";
			};
			name = Debug;
		};
		4A13384225363D2800549476 /* Release */ = {
			isa = XCBuildConfiguration;
			buildSettings = {
				ASSETCATALOG_COMPILER_APPICON_NAME = AppIcon;
				ASSETCATALOG_COMPILER_GLOBAL_ACCENT_COLOR_NAME = AccentColor;
				CODE_SIGN_STYLE = Automatic;
				DEVELOPMENT_ASSET_PATHS = "\"DiceApp/Preview Content\"";
				DEVELOPMENT_TEAM = WEGSXKWY24;
				ENABLE_PREVIEWS = YES;
				INFOPLIST_FILE = DiceApp/Info.plist;
				LD_RUNPATH_SEARCH_PATHS = (
					"$(inherited)",
					"@executable_path/Frameworks",
				);
				PRODUCT_BUNDLE_IDENTIFIER = edu.uoit.sofe.DiceApp;
				PRODUCT_NAME = "$(TARGET_NAME)";
				SWIFT_VERSION = 5.0;
				TARGETED_DEVICE_FAMILY = "1,2";
			};
			name = Release;
		};
		4A13384425363D2800549476 /* Debug */ = {
			isa = XCBuildConfiguration;
			buildSettings = {
				ALWAYS_EMBED_SWIFT_STANDARD_LIBRARIES = YES;
				BUNDLE_LOADER = "$(TEST_HOST)";
				CODE_SIGN_STYLE = Automatic;
				DEVELOPMENT_TEAM = WEGSXKWY24;
				INFOPLIST_FILE = DiceAppTests/Info.plist;
				IPHONEOS_DEPLOYMENT_TARGET = 14.0;
				LD_RUNPATH_SEARCH_PATHS = (
					"$(inherited)",
					"@executable_path/Frameworks",
					"@loader_path/Frameworks",
				);
				PRODUCT_BUNDLE_IDENTIFIER = edu.uoit.sofe.DiceAppTests;
				PRODUCT_NAME = "$(TARGET_NAME)";
				SWIFT_VERSION = 5.0;
				TARGETED_DEVICE_FAMILY = "1,2";
				TEST_HOST = "$(BUILT_PRODUCTS_DIR)/DiceApp.app/DiceApp";
			};
			name = Debug;
		};
		4A13384525363D2800549476 /* Release */ = {
			isa = XCBuildConfiguration;
			buildSettings = {
				ALWAYS_EMBED_SWIFT_STANDARD_LIBRARIES = YES;
				BUNDLE_LOADER = "$(TEST_HOST)";
				CODE_SIGN_STYLE = Automatic;
				DEVELOPMENT_TEAM = WEGSXKWY24;
				INFOPLIST_FILE = DiceAppTests/Info.plist;
				IPHONEOS_DEPLOYMENT_TARGET = 14.0;
				LD_RUNPATH_SEARCH_PATHS = (
					"$(inherited)",
					"@executable_path/Frameworks",
					"@loader_path/Frameworks",
				);
				PRODUCT_BUNDLE_IDENTIFIER = edu.uoit.sofe.DiceAppTests;
				PRODUCT_NAME = "$(TARGET_NAME)";
				SWIFT_VERSION = 5.0;
				TARGETED_DEVICE_FAMILY = "1,2";
				TEST_HOST = "$(BUILT_PRODUCTS_DIR)/DiceApp.app/DiceApp";
			};
			name = Release;
		};
		4A13384725363D2800549476 /* Debug */ = {
			isa = XCBuildConfiguration;
			buildSettings = {
				ALWAYS_EMBED_SWIFT_STANDARD_LIBRARIES = YES;
				CODE_SIGN_STYLE = Automatic;
				DEVELOPMENT_TEAM = WEGSXKWY24;
				INFOPLIST_FILE = DiceAppUITests/Info.plist;
				LD_RUNPATH_SEARCH_PATHS = (
					"$(inherited)",
					"@executable_path/Frameworks",
					"@loader_path/Frameworks",
				);
				PRODUCT_BUNDLE_IDENTIFIER = edu.uoit.sofe.DiceAppUITests;
				PRODUCT_NAME = "$(TARGET_NAME)";
				SWIFT_VERSION = 5.0;
				TARGETED_DEVICE_FAMILY = "1,2";
				TEST_TARGET_NAME = DiceApp;
			};
			name = Debug;
		};
		4A13384825363D2800549476 /* Release */ = {
			isa = XCBuildConfiguration;
			buildSettings = {
				ALWAYS_EMBED_SWIFT_STANDARD_LIBRARIES = YES;
				CODE_SIGN_STYLE = Automatic;
				DEVELOPMENT_TEAM = WEGSXKWY24;
				INFOPLIST_FILE = DiceAppUITests/Info.plist;
				LD_RUNPATH_SEARCH_PATHS = (
					"$(inherited)",
					"@executable_path/Frameworks",
					"@loader_path/Frameworks",
				);
				PRODUCT_BUNDLE_IDENTIFIER = edu.uoit.sofe.DiceAppUITests;
				PRODUCT_NAME = "$(TARGET_NAME)";
				SWIFT_VERSION = 5.0;
				TARGETED_DEVICE_FAMILY = "1,2";
				TEST_TARGET_NAME = DiceApp;
			};
			name = Release;
		};
/* End XCBuildConfiguration section */

/* Begin XCConfigurationList section */
		4A13380E25363D2600549476 /* Build configuration list for PBXProject "DiceApp" */ = {
			isa = XCConfigurationList;
			buildConfigurations = (
				4A13383E25363D2800549476 /* Debug */,
				4A13383F25363D2800549476 /* Release */,
			);
			defaultConfigurationIsVisible = 0;
			defaultConfigurationName = Release;
		};
		4A13384025363D2800549476 /* Build configuration list for PBXNativeTarget "DiceApp" */ = {
			isa = XCConfigurationList;
			buildConfigurations = (
				4A13384125363D2800549476 /* Debug */,
				4A13384225363D2800549476 /* Release */,
			);
			defaultConfigurationIsVisible = 0;
			defaultConfigurationName = Release;
		};
		4A13384325363D2800549476 /* Build configuration list for PBXNativeTarget "DiceAppTests" */ = {
			isa = XCConfigurationList;
			buildConfigurations = (
				4A13384425363D2800549476 /* Debug */,
				4A13384525363D2800549476 /* Release */,
			);
			defaultConfigurationIsVisible = 0;
			defaultConfigurationName = Release;
		};
		4A13384625363D2800549476 /* Build configuration list for PBXNativeTarget "DiceAppUITests" */ = {
			isa = XCConfigurationList;
			buildConfigurations = (
				4A13384725363D2800549476 /* Debug */,
				4A13384825363D2800549476 /* Release */,
			);
			defaultConfigurationIsVisible = 0;
			defaultConfigurationName = Release;
		};
/* End XCConfigurationList section */

/* Begin XCVersionGroup section */
		4A13381C25363D2600549476 /* DiceApp.xcdatamodeld */ = {
			isa = XCVersionGroup;
			children = (
				4A13381D25363D2600549476 /* DiceApp.xcdatamodel */,
			);
			currentVersion = 4A13381D25363D2600549476 /* DiceApp.xcdatamodel */;
			path = DiceApp.xcdatamodeld;
			sourceTree = "<group>";
			versionGroupType = wrapper.xcdatamodel;
		};
/* End XCVersionGroup section */
	};
	rootObject = 4A13380B25363D2600549476 /* Project object */;
}
